
Microsoft Visual Studio Solution File, Format Version 12.00
# Visual Studio 14
VisualStudioVersion = 14.0.23107.0
MinimumVisualStudioVersion = 10.0.40219.1
Project("{FAE04EC0-301F-11D3-BF4B-00C04F79EFBC}") = "Euler81", "Euler81\Euler81.csproj", "{AA002D91-4565-435D-B718-D34861E972EA}"
EndProject
Global
	GlobalSection(SolutionConfigurationPlatforms) = preSolution
		Debug|Any CPU = Debug|Any CPU
		Release|Any CPU = Release|Any CPU
	EndGlobalSection
	GlobalSection(ProjectConfigurationPlatforms) = postSolution
		{AA002D91-4565-435D-B718-D34861E972EA}.Debug|Any CPU.ActiveCfg = Debug|Any CPU
		{AA002D91-4565-435D-B718-D34861E972EA}.Debug|Any CPU.Build.0 = Debug|Any CPU
		{AA002D91-4565-435D-B718-D34861E972EA}.Release|Any CPU.ActiveCfg = Release|Any CPU
		{AA002D91-4565-435D-B718-D34861E972EA}.Release|Any CPU.Build.0 = Release|Any CPU
	EndGlobalSection
	GlobalSection(SolutionProperties) = preSolution
		HideSolutionNode = FALSE
	EndGlobalSection
EndGlobal
